
Microsoft Visual Studio Solution File, Format Version 12.00
# Visual Studio Version 17
VisualStudioVersion = 17.4.33122.133
MinimumVisualStudioVersion = 10.0.40219.1
Project("{FAE04EC0-301F-11D3-BF4B-00C04F79EFBC}") = "ProgramGenerics", "ProgramGenerics\ProgramGenerics.csproj", "{2AC186A9-643E-4C33-8840-FBDB3290BF85}"
EndProject
Global
	GlobalSection(SolutionConfigurationPlatforms) = preSolution
		Debug|Any CPU = Debug|Any CPU
		Release|Any CPU = Release|Any CPU
	EndGlobalSection
	GlobalSection(ProjectConfigurationPlatforms) = postSolution
		{2AC186A9-643E-4C33-8840-FBDB3290BF85}.Debug|Any CPU.ActiveCfg = Debug|Any CPU
		{2AC186A9-643E-4C33-8840-FBDB3290BF85}.Debug|Any CPU.Build.0 = Debug|Any CPU
		{2AC186A9-643E-4C33-8840-FBDB3290BF85}.Release|Any CPU.ActiveCfg = Release|Any CPU
		{2AC186A9-643E-4C33-8840-FBDB3290BF85}.Release|Any CPU.Build.0 = Release|Any CPU
	EndGlobalSection
	GlobalSection(SolutionProperties) = preSolution
		HideSolutionNode = FALSE
	EndGlobalSection
	GlobalSection(ExtensibilityGlobals) = postSolution
		SolutionGuid = {BE0CC081-499C-40F6-8646-191464BF4C67}
	EndGlobalSection
EndGlobal
